
Microsoft Visual Studio Solution File, Format Version 12.00
# Visual Studio 2013
VisualStudioVersion = 12.0.31101.0
MinimumVisualStudioVersion = 10.0.40219.1
Project("{FAE04EC0-301F-11D3-BF4B-00C04F79EFBC}") = "ServerTest", "ServerTest\ServerTest.csproj", "{A25E4A30-BB8C-44EA-9F81-65DD295689CD}"
EndProject
Project("{FAE04EC0-301F-11D3-BF4B-00C04F79EFBC}") = "ClientTest", "ClientTest\ClientTest.csproj", "{67B43A68-238A-4B33-B18D-5989DD14C79B}"
EndProject
Global
	GlobalSection(SolutionConfigurationPlatforms) = preSolution
		Debug|Any CPU = Debug|Any CPU
		Release|Any CPU = Release|Any CPU
	EndGlobalSection
	GlobalSection(ProjectConfigurationPlatforms) = postSolution
		{A25E4A30-BB8C-44EA-9F81-65DD295689CD}.Debug|Any CPU.ActiveCfg = Debug|Any CPU
		{A25E4A30-BB8C-44EA-9F81-65DD295689CD}.Debug|Any CPU.Build.0 = Debug|Any CPU
		{A25E4A30-BB8C-44EA-9F81-65DD295689CD}.Release|Any CPU.ActiveCfg = Release|Any CPU
		{A25E4A30-BB8C-44EA-9F81-65DD295689CD}.Release|Any CPU.Build.0 = Release|Any CPU
		{67B43A68-238A-4B33-B18D-5989DD14C79B}.Debug|Any CPU.ActiveCfg = Debug|Any CPU
		{67B43A68-238A-4B33-B18D-5989DD14C79B}.Debug|Any CPU.Build.0 = Debug|Any CPU
		{67B43A68-238A-4B33-B18D-5989DD14C79B}.Release|Any CPU.ActiveCfg = Release|Any CPU
		{67B43A68-238A-4B33-B18D-5989DD14C79B}.Release|Any CPU.Build.0 = Release|Any CPU
	EndGlobalSection
	GlobalSection(SolutionProperties) = preSolution
		HideSolutionNode = FALSE
	EndGlobalSection
EndGlobal
